# This file is automatically @generated by Poetry 1.7.0 and should not be changed by hand.

[[package]]
name = "bandit"
version = "1.7.7"
description = "Security oriented static analyser for python code."
optional = false
python-versions = ">=3.8"
files = [
    {file = "bandit-1.7.7-py3-none-any.whl", hash = "sha256:17e60786a7ea3c9ec84569fd5aee09936d116cb0cb43151023258340dbffb7ed"},
    {file = "bandit-1.7.7.tar.gz", hash = "sha256:527906bec6088cb499aae31bc962864b4e77569e9d529ee51df3a93b4b8ab28a"},
]

[package.dependencies]
colorama = {version = ">=0.3.9", markers = "platform_system == \"Windows\""}
PyYAML = ">=5.3.1"
rich = "*"
stevedore = ">=1.20.0"

[package.extras]
baseline = ["GitPython (>=3.1.30)"]
test = ["beautifulsoup4 (>=4.8.0)", "coverage (>=4.5.4)", "fixtures (>=3.0.0)", "flake8 (>=4.0.0)", "pylint (==1.9.4)", "stestr (>=2.5.0)", "testscenarios (>=0.5.0)", "testtools (>=2.3.0)"]
toml = ["tomli (>=1.1.0)"]
yaml = ["PyYAML"]

[[package]]
name = "colorama"
version = "0.4.6"
description = "Cross-platform colored terminal text."
optional = false
python-versions = "!=3.0.*,!=3.1.*,!=3.2.*,!=3.3.*,!=3.4.*,!=3.5.*,!=3.6.*,>=2.7"
files = [
    {file = "colorama-0.4.6-py2.py3-none-any.whl", hash = "sha256:4f1d9991f5acc0ca119f9d443620b77f9d6b33703e51011c16baf57afb285fc6"},
    {file = "colorama-0.4.6.tar.gz", hash = "sha256:08695f5cb7ed6e0531a20572697297273c47b8cae5a63ffc6d6ed5c201be6e44"},
]

[[package]]
name = "coverage"
version = "7.4.2"
description = "Code coverage measurement for Python"
optional = false
python-versions = ">=3.8"
files = [
    {file = "coverage-7.4.2-cp310-cp310-macosx_10_9_x86_64.whl", hash = "sha256:bf54c3e089179d9d23900e3efc86d46e4431188d9a657f345410eecdd0151f50"},
    {file = "coverage-7.4.2-cp310-cp310-macosx_11_0_arm64.whl", hash = "sha256:fe6e43c8b510719b48af7db9631b5fbac910ade4bd90e6378c85ac5ac706382c"},
    {file = "coverage-7.4.2-cp310-cp310-manylinux_2_17_aarch64.manylinux2014_aarch64.whl", hash = "sha256:8b98c89db1b150d851a7840142d60d01d07677a18f0f46836e691c38134ed18b"},
    {file = "coverage-7.4.2-cp310-cp310-manylinux_2_5_i686.manylinux1_i686.manylinux_2_17_i686.manylinux2014_i686.whl", hash = "sha256:c5f9683be6a5b19cd776ee4e2f2ffb411424819c69afab6b2db3a0a364ec6642"},
    {file = "coverage-7.4.2-cp310-cp310-manylinux_2_5_x86_64.manylinux1_x86_64.manylinux_2_17_x86_64.manylinux2014_x86_64.whl", hash = "sha256:78cdcbf7b9cb83fe047ee09298e25b1cd1636824067166dc97ad0543b079d22f"},
    {file = "coverage-7.4.2-cp310-cp310-musllinux_1_1_aarch64.whl", hash = "sha256:2599972b21911111114100d362aea9e70a88b258400672626efa2b9e2179609c"},
    {file = "coverage-7.4.2-cp310-cp310-musllinux_1_1_i686.whl", hash = "sha256:ef00d31b7569ed3cb2036f26565f1984b9fc08541731ce01012b02a4c238bf03"},
    {file = "coverage-7.4.2-cp310-cp310-musllinux_1_1_x86_64.whl", hash = "sha256:20a875bfd8c282985c4720c32aa05056f77a68e6d8bbc5fe8632c5860ee0b49b"},
    {file = "coverage-7.4.2-cp310-cp310-win32.whl", hash = "sha256:b3f2b1eb229f23c82898eedfc3296137cf1f16bb145ceab3edfd17cbde273fb7"},
    {file = "coverage-7.4.2-cp310-cp310-win_amd64.whl", hash = "sha256:7df95fdd1432a5d2675ce630fef5f239939e2b3610fe2f2b5bf21fa505256fa3"},
    {file = "coverage-7.4.2-cp311-cp311-macosx_10_9_x86_64.whl", hash = "sha256:a8ddbd158e069dded57738ea69b9744525181e99974c899b39f75b2b29a624e2"},
    {file = "coverage-7.4.2-cp311-cp311-macosx_11_0_arm64.whl", hash = "sha256:81a5fb41b0d24447a47543b749adc34d45a2cf77b48ca74e5bf3de60a7bd9edc"},
    {file = "coverage-7.4.2-cp311-cp311-manylinux_2_17_aarch64.manylinux2014_aarch64.whl", hash = "sha256:2412e98e70f16243be41d20836abd5f3f32edef07cbf8f407f1b6e1ceae783ac"},
    {file = "coverage-7.4.2-cp311-cp311-manylinux_2_5_i686.manylinux1_i686.manylinux_2_17_i686.manylinux2014_i686.whl", hash = "sha256:ddb79414c15c6f03f56cc68fa06994f047cf20207c31b5dad3f6bab54a0f66ef"},
    {file = "coverage-7.4.2-cp311-cp311-manylinux_2_5_x86_64.manylinux1_x86_64.manylinux_2_17_x86_64.manylinux2014_x86_64.whl", hash = "sha256:cf89ab85027427d351f1de918aff4b43f4eb5f33aff6835ed30322a86ac29c9e"},
    {file = "coverage-7.4.2-cp311-cp311-musllinux_1_1_aarch64.whl", hash = "sha256:a178b7b1ac0f1530bb28d2e51f88c0bab3e5949835851a60dda80bff6052510c"},
    {file = "coverage-7.4.2-cp311-cp311-musllinux_1_1_i686.whl", hash = "sha256:06fe398145a2e91edaf1ab4eee66149c6776c6b25b136f4a86fcbbb09512fd10"},
    {file = "coverage-7.4.2-cp311-cp311-musllinux_1_1_x86_64.whl", hash = "sha256:18cac867950943fe93d6cd56a67eb7dcd2d4a781a40f4c1e25d6f1ed98721a55"},
    {file = "coverage-7.4.2-cp311-cp311-win32.whl", hash = "sha256:f72cdd2586f9a769570d4b5714a3837b3a59a53b096bb954f1811f6a0afad305"},
    {file = "coverage-7.4.2-cp311-cp311-win_amd64.whl", hash = "sha256:d779a48fac416387dd5673fc5b2d6bd903ed903faaa3247dc1865c65eaa5a93e"},
    {file = "coverage-7.4.2-cp312-cp312-macosx_10_9_x86_64.whl", hash = "sha256:adbdfcda2469d188d79771d5696dc54fab98a16d2ef7e0875013b5f56a251047"},
    {file = "coverage-7.4.2-cp312-cp312-macosx_11_0_arm64.whl", hash = "sha256:ac4bab32f396b03ebecfcf2971668da9275b3bb5f81b3b6ba96622f4ef3f6e17"},
    {file = "coverage-7.4.2-cp312-cp312-manylinux_2_17_aarch64.manylinux2014_aarch64.whl", hash = "sha256:006d220ba2e1a45f1de083d5022d4955abb0aedd78904cd5a779b955b019ec73"},
    {file = "coverage-7.4.2-cp312-cp312-manylinux_2_5_i686.manylinux1_i686.manylinux_2_17_i686.manylinux2014_i686.whl", hash = "sha256:3733545eb294e5ad274abe131d1e7e7de4ba17a144505c12feca48803fea5f64"},
    {file = "coverage-7.4.2-cp312-cp312-manylinux_2_5_x86_64.manylinux1_x86_64.manylinux_2_17_x86_64.manylinux2014_x86_64.whl", hash = "sha256:42a9e754aa250fe61f0f99986399cec086d7e7a01dd82fd863a20af34cbce962"},
    {file = "coverage-7.4.2-cp312-cp312-musllinux_1_1_aarch64.whl", hash = "sha256:2ed37e16cf35c8d6e0b430254574b8edd242a367a1b1531bd1adc99c6a5e00fe"},
    {file = "coverage-7.4.2-cp312-cp312-musllinux_1_1_i686.whl", hash = "sha256:b953275d4edfab6cc0ed7139fa773dfb89e81fee1569a932f6020ce7c6da0e8f"},
    {file = "coverage-7.4.2-cp312-cp312-musllinux_1_1_x86_64.whl", hash = "sha256:32b4ab7e6c924f945cbae5392832e93e4ceb81483fd6dc4aa8fb1a97b9d3e0e1"},
    {file = "coverage-7.4.2-cp312-cp312-win32.whl", hash = "sha256:f5df76c58977bc35a49515b2fbba84a1d952ff0ec784a4070334dfbec28a2def"},
    {file = "coverage-7.4.2-cp312-cp312-win_amd64.whl", hash = "sha256:34423abbaad70fea9d0164add189eabaea679068ebdf693baa5c02d03e7db244"},
    {file = "coverage-7.4.2-cp38-cp38-macosx_10_9_x86_64.whl", hash = "sha256:5b11f9c6587668e495cc7365f85c93bed34c3a81f9f08b0920b87a89acc13469"},
    {file = "coverage-7.4.2-cp38-cp38-macosx_11_0_arm64.whl", hash = "sha256:51593a1f05c39332f623d64d910445fdec3d2ac2d96b37ce7f331882d5678ddf"},
    {file = "coverage-7.4.2-cp38-cp38-manylinux_2_17_aarch64.manylinux2014_aarch64.whl", hash = "sha256:69f1665165ba2fe7614e2f0c1aed71e14d83510bf67e2ee13df467d1c08bf1e8"},
    {file = "coverage-7.4.2-cp38-cp38-manylinux_2_5_i686.manylinux1_i686.manylinux_2_17_i686.manylinux2014_i686.whl", hash = "sha256:b3c8bbb95a699c80a167478478efe5e09ad31680931ec280bf2087905e3b95ec"},
    {file = "coverage-7.4.2-cp38-cp38-manylinux_2_5_x86_64.manylinux1_x86_64.manylinux_2_17_x86_64.manylinux2014_x86_64.whl", hash = "sha256:175f56572f25e1e1201d2b3e07b71ca4d201bf0b9cb8fad3f1dfae6a4188de86"},
    {file = "coverage-7.4.2-cp38-cp38-musllinux_1_1_aarch64.whl", hash = "sha256:8562ca91e8c40864942615b1d0b12289d3e745e6b2da901d133f52f2d510a1e3"},
    {file = "coverage-7.4.2-cp38-cp38-musllinux_1_1_i686.whl", hash = "sha256:d9a1ef0f173e1a19738f154fb3644f90d0ada56fe6c9b422f992b04266c55d5a"},
    {file = "coverage-7.4.2-cp38-cp38-musllinux_1_1_x86_64.whl", hash = "sha256:f40ac873045db4fd98a6f40387d242bde2708a3f8167bd967ccd43ad46394ba2"},
    {file = "coverage-7.4.2-cp38-cp38-win32.whl", hash = "sha256:d1b750a8409bec61caa7824bfd64a8074b6d2d420433f64c161a8335796c7c6b"},
    {file = "coverage-7.4.2-cp38-cp38-win_amd64.whl", hash = "sha256:b4ae777bebaed89e3a7e80c4a03fac434a98a8abb5251b2a957d38fe3fd30088"},
    {file = "coverage-7.4.2-cp39-cp39-macosx_10_9_x86_64.whl", hash = "sha256:3ff7f92ae5a456101ca8f48387fd3c56eb96353588e686286f50633a611afc95"},
    {file = "coverage-7.4.2-cp39-cp39-macosx_11_0_arm64.whl", hash = "sha256:861d75402269ffda0b33af94694b8e0703563116b04c681b1832903fac8fd647"},
    {file = "coverage-7.4.2-cp39-cp39-manylinux_2_17_aarch64.manylinux2014_aarch64.whl", hash = "sha256:3507427d83fa961cbd73f11140f4a5ce84208d31756f7238d6257b2d3d868405"},
    {file = "coverage-7.4.2-cp39-cp39-manylinux_2_5_i686.manylinux1_i686.manylinux_2_17_i686.manylinux2014_i686.whl", hash = "sha256:bf711d517e21fb5bc429f5c4308fbc430a8585ff2a43e88540264ae87871e36a"},
    {file = "coverage-7.4.2-cp39-cp39-manylinux_2_5_x86_64.manylinux1_x86_64.manylinux_2_17_x86_64.manylinux2014_x86_64.whl", hash = "sha256:c00e54f0bd258ab25e7f731ca1d5144b0bf7bec0051abccd2bdcff65fa3262c9"},
    {file = "coverage-7.4.2-cp39-cp39-musllinux_1_1_aarch64.whl", hash = "sha256:f8e845d894e39fb53834da826078f6dc1a933b32b1478cf437007367efaf6f6a"},
    {file = "coverage-7.4.2-cp39-cp39-musllinux_1_1_i686.whl", hash = "sha256:840456cb1067dc350af9080298c7c2cfdddcedc1cb1e0b30dceecdaf7be1a2d3"},
    {file = "coverage-7.4.2-cp39-cp39-musllinux_1_1_x86_64.whl", hash = "sha256:c11ca2df2206a4e3e4c4567f52594637392ed05d7c7fb73b4ea1c658ba560265"},
    {file = "coverage-7.4.2-cp39-cp39-win32.whl", hash = "sha256:3ff5bdb08d8938d336ce4088ca1a1e4b6c8cd3bef8bb3a4c0eb2f37406e49643"},
    {file = "coverage-7.4.2-cp39-cp39-win_amd64.whl", hash = "sha256:ac9e95cefcf044c98d4e2c829cd0669918585755dd9a92e28a1a7012322d0a95"},
    {file = "coverage-7.4.2-pp38.pp39.pp310-none-any.whl", hash = "sha256:f593a4a90118d99014517c2679e04a4ef5aee2d81aa05c26c734d271065efcb6"},
    {file = "coverage-7.4.2.tar.gz", hash = "sha256:1a5ee18e3a8d766075ce9314ed1cb695414bae67df6a4b0805f5137d93d6f1cb"},
]

[package.dependencies]
tomli = {version = "*", optional = true, markers = "python_full_version <= \"3.11.0a6\" and extra == \"toml\""}

[package.extras]
toml = ["tomli"]

[[package]]
name = "exceptiongroup"
version = "1.2.0"
description = "Backport of PEP 654 (exception groups)"
optional = false
python-versions = ">=3.7"
files = [
    {file = "exceptiongroup-1.2.0-py3-none-any.whl", hash = "sha256:4bfd3996ac73b41e9b9628b04e079f193850720ea5945fc96a08633c66912f14"},
    {file = "exceptiongroup-1.2.0.tar.gz", hash = "sha256:91f5c769735f051a4290d52edd0858999b57e5876e9f85937691bd4c9fa3ed68"},
]

[package.extras]
test = ["pytest (>=6)"]

[[package]]
name = "iniconfig"
version = "2.0.0"
description = "brain-dead simple config-ini parsing"
optional = false
python-versions = ">=3.7"
files = [
    {file = "iniconfig-2.0.0-py3-none-any.whl", hash = "sha256:b6a85871a79d2e3b22d2d1b94ac2824226a63c6b741c88f7ae975f18b6778374"},
    {file = "iniconfig-2.0.0.tar.gz", hash = "sha256:2d91e135bf72d31a410b17c16da610a82cb55f6b0477d1a902134b24a455b8b3"},
]

[[package]]
name = "markdown-it-py"
version = "3.0.0"
description = "Python port of markdown-it. Markdown parsing, done right!"
optional = false
python-versions = ">=3.8"
files = [
    {file = "markdown-it-py-3.0.0.tar.gz", hash = "sha256:e3f60a94fa066dc52ec76661e37c851cb232d92f9886b15cb560aaada2df8feb"},
    {file = "markdown_it_py-3.0.0-py3-none-any.whl", hash = "sha256:355216845c60bd96232cd8d8c40e8f9765cc86f46880e43a8fd22dc1a1a8cab1"},
]

[package.dependencies]
mdurl = ">=0.1,<1.0"

[package.extras]
benchmarking = ["psutil", "pytest", "pytest-benchmark"]
code-style = ["pre-commit (>=3.0,<4.0)"]
compare = ["commonmark (>=0.9,<1.0)", "markdown (>=3.4,<4.0)", "mistletoe (>=1.0,<2.0)", "mistune (>=2.0,<3.0)", "panflute (>=2.3,<3.0)"]
linkify = ["linkify-it-py (>=1,<3)"]
plugins = ["mdit-py-plugins"]
profiling = ["gprof2dot"]
rtd = ["jupyter_sphinx", "mdit-py-plugins", "myst-parser", "pyyaml", "sphinx", "sphinx-copybutton", "sphinx-design", "sphinx_book_theme"]
testing = ["coverage", "pytest", "pytest-cov", "pytest-regressions"]

[[package]]
name = "mdurl"
version = "0.1.2"
description = "Markdown URL utilities"
optional = false
python-versions = ">=3.7"
files = [
    {file = "mdurl-0.1.2-py3-none-any.whl", hash = "sha256:84008a41e51615a49fc9966191ff91509e3c40b939176e643fd50a5c2196b8f8"},
    {file = "mdurl-0.1.2.tar.gz", hash = "sha256:bb413d29f5eea38f31dd4754dd7377d4465116fb207585f97bf925588687c1ba"},
]

[[package]]
name = "packaging"
version = "23.2"
description = "Core utilities for Python packages"
optional = false
python-versions = ">=3.7"
files = [
    {file = "packaging-23.2-py3-none-any.whl", hash = "sha256:8c491190033a9af7e1d931d0b5dacc2ef47509b34dd0de67ed209b5203fc88c7"},
    {file = "packaging-23.2.tar.gz", hash = "sha256:048fb0e9405036518eaaf48a55953c750c11e1a1b68e0dd1a9d62ed0c092cfc5"},
]

[[package]]
name = "pbr"
version = "6.0.0"
description = "Python Build Reasonableness"
optional = false
python-versions = ">=2.6"
files = [
    {file = "pbr-6.0.0-py2.py3-none-any.whl", hash = "sha256:4a7317d5e3b17a3dccb6a8cfe67dab65b20551404c52c8ed41279fa4f0cb4cda"},
    {file = "pbr-6.0.0.tar.gz", hash = "sha256:d1377122a5a00e2f940ee482999518efe16d745d423a670c27773dfbc3c9a7d9"},
]

[[package]]
name = "pluggy"
version = "1.4.0"
description = "plugin and hook calling mechanisms for python"
optional = false
python-versions = ">=3.8"
files = [
    {file = "pluggy-1.4.0-py3-none-any.whl", hash = "sha256:7db9f7b503d67d1c5b95f59773ebb58a8c1c288129a88665838012cfb07b8981"},
    {file = "pluggy-1.4.0.tar.gz", hash = "sha256:8c85c2876142a764e5b7548e7d9a0e0ddb46f5185161049a79b7e974454223be"},
]

[package.extras]
dev = ["pre-commit", "tox"]
testing = ["pytest", "pytest-benchmark"]

[[package]]
name = "pygments"
version = "2.17.2"
description = "Pygments is a syntax highlighting package written in Python."
optional = false
python-versions = ">=3.7"
files = [
    {file = "pygments-2.17.2-py3-none-any.whl", hash = "sha256:b27c2826c47d0f3219f29554824c30c5e8945175d888647acd804ddd04af846c"},
    {file = "pygments-2.17.2.tar.gz", hash = "sha256:da46cec9fd2de5be3a8a784f434e4c4ab670b4ff54d605c4c2717e9d49c4c367"},
]

[package.extras]
plugins = ["importlib-metadata"]
windows-terminal = ["colorama (>=0.4.6)"]

[[package]]
name = "pytest"
version = "7.4.4"
description = "pytest: simple powerful testing with Python"
optional = false
python-versions = ">=3.7"
files = [
    {file = "pytest-7.4.4-py3-none-any.whl", hash = "sha256:b090cdf5ed60bf4c45261be03239c2c1c22df034fbffe691abe93cd80cea01d8"},
    {file = "pytest-7.4.4.tar.gz", hash = "sha256:2cf0005922c6ace4a3e2ec8b4080eb0d9753fdc93107415332f50ce9e7994280"},
]

[package.dependencies]
colorama = {version = "*", markers = "sys_platform == \"win32\""}
exceptiongroup = {version = ">=1.0.0rc8", markers = "python_version < \"3.11\""}
iniconfig = "*"
packaging = "*"
pluggy = ">=0.12,<2.0"
tomli = {version = ">=1.0.0", markers = "python_version < \"3.11\""}

[package.extras]
testing = ["argcomplete", "attrs (>=19.2.0)", "hypothesis (>=3.56)", "mock", "nose", "pygments (>=2.7.2)", "requests", "setuptools", "xmlschema"]

[[package]]
name = "pytest-cov"
version = "3.0.0"
description = "Pytest plugin for measuring coverage."
optional = false
python-versions = ">=3.6"
files = [
    {file = "pytest-cov-3.0.0.tar.gz", hash = "sha256:e7f0f5b1617d2210a2cabc266dfe2f4c75a8d32fb89eafb7ad9d06f6d076d470"},
    {file = "pytest_cov-3.0.0-py3-none-any.whl", hash = "sha256:578d5d15ac4a25e5f961c938b85a05b09fdaae9deef3bb6de9a6e766622ca7a6"},
]

[package.dependencies]
coverage = {version = ">=5.2.1", extras = ["toml"]}
pytest = ">=4.6"

[package.extras]
testing = ["fields", "hunter", "process-tests", "pytest-xdist", "six", "virtualenv"]

[[package]]
name = "pyyaml"
version = "6.0.1"
description = "YAML parser and emitter for Python"
optional = false
python-versions = ">=3.6"
files = [
    {file = "PyYAML-6.0.1-cp310-cp310-macosx_10_9_x86_64.whl", hash = "sha256:d858aa552c999bc8a8d57426ed01e40bef403cd8ccdd0fc5f6f04a00414cac2a"},
    {file = "PyYAML-6.0.1-cp310-cp310-macosx_11_0_arm64.whl", hash = "sha256:fd66fc5d0da6d9815ba2cebeb4205f95818ff4b79c3ebe268e75d961704af52f"},
    {file = "PyYAML-6.0.1-cp310-cp310-manylinux_2_17_aarch64.manylinux2014_aarch64.whl", hash = "sha256:69b023b2b4daa7548bcfbd4aa3da05b3a74b772db9e23b982788168117739938"},
    {file = "PyYAML-6.0.1-cp310-cp310-manylinux_2_17_s390x.manylinux2014_s390x.whl", hash = "sha256:81e0b275a9ecc9c0c0c07b4b90ba548307583c125f54d5b6946cfee6360c733d"},
    {file = "PyYAML-6.0.1-cp310-cp310-manylinux_2_17_x86_64.manylinux2014_x86_64.whl", hash = "sha256:ba336e390cd8e4d1739f42dfe9bb83a3cc2e80f567d8805e11b46f4a943f5515"},
    {file = "PyYAML-6.0.1-cp310-cp310-musllinux_1_1_x86_64.whl", hash = "sha256:326c013efe8048858a6d312ddd31d56e468118ad4cdeda36c719bf5bb6192290"},
    {file = "PyYAML-6.0.1-cp310-cp310-win32.whl", hash = "sha256:bd4af7373a854424dabd882decdc5579653d7868b8fb26dc7d0e99f823aa5924"},
    {file = "PyYAML-6.0.1-cp310-cp310-win_amd64.whl", hash = "sha256:fd1592b3fdf65fff2ad0004b5e363300ef59ced41c2e6b3a99d4089fa8c5435d"},
    {file = "PyYAML-6.0.1-cp311-cp311-macosx_10_9_x86_64.whl", hash = "sha256:6965a7bc3cf88e5a1c3bd2e0b5c22f8d677dc88a455344035f03399034eb3007"},
    {file = "PyYAML-6.0.1-cp311-cp311-macosx_11_0_arm64.whl", hash = "sha256:f003ed9ad21d6a4713f0a9b5a7a0a79e08dd0f221aff4525a2be4c346ee60aab"},
    {file = "PyYAML-6.0.1-cp311-cp311-manylinux_2_17_aarch64.manylinux2014_aarch64.whl", hash = "sha256:42f8152b8dbc4fe7d96729ec2b99c7097d656dc1213a3229ca5383f973a5ed6d"},
    {file = "PyYAML-6.0.1-cp311-cp311-manylinux_2_17_s390x.manylinux2014_s390x.whl", hash = "sha256:062582fca9fabdd2c8b54a3ef1c978d786e0f6b3a1510e0ac93ef59e0ddae2bc"},
    {file = "PyYAML-6.0.1-cp311-cp311-manylinux_2_17_x86_64.manylinux2014_x86_64.whl", hash = "sha256:d2b04aac4d386b172d5b9692e2d2da8de7bfb6c387fa4f801fbf6fb2e6ba4673"},
    {file = "PyYAML-6.0.1-cp311-cp311-musllinux_1_1_x86_64.whl", hash = "sha256:e7d73685e87afe9f3b36c799222440d6cf362062f78be1013661b00c5c6f678b"},
    {file = "PyYAML-6.0.1-cp311-cp311-win32.whl", hash = "sha256:1635fd110e8d85d55237ab316b5b011de701ea0f29d07611174a1b42f1444741"},
    {file = "PyYAML-6.0.1-cp311-cp311-win_amd64.whl", hash = "sha256:bf07ee2fef7014951eeb99f56f39c9bb4af143d8aa3c21b1677805985307da34"},
    {file = "PyYAML-6.0.1-cp312-cp312-macosx_10_9_x86_64.whl", hash = "sha256:855fb52b0dc35af121542a76b9a84f8d1cd886ea97c84703eaa6d88e37a2ad28"},
    {file = "PyYAML-6.0.1-cp312-cp312-macosx_11_0_arm64.whl", hash = "sha256:40df9b996c2b73138957fe23a16a4f0ba614f4c0efce1e9406a184b6d07fa3a9"},
    {file = "PyYAML-6.0.1-cp312-cp312-manylinux_2_17_aarch64.manylinux2014_aarch64.whl", hash = "sha256:a08c6f0fe150303c1c6b71ebcd7213c2858041a7e01975da3a99aed1e7a378ef"},
    {file = "PyYAML-6.0.1-cp312-cp312-manylinux_2_17_x86_64.manylinux2014_x86_64.whl", hash = "sha256:6c22bec3fbe2524cde73d7ada88f6566758a8f7227bfbf93a408a9d86bcc12a0"},
    {file = "PyYAML-6.0.1-cp312-cp312-musllinux_1_1_x86_64.whl", hash = "sha256:8d4e9c88387b0f5c7d5f281e55304de64cf7f9c0021a3525bd3b1c542da3b0e4"},
    {file = "PyYAML-6.0.1-cp312-cp312-win32.whl", hash = "sha256:d483d2cdf104e7c9fa60c544d92981f12ad66a457afae824d146093b8c294c54"},
    {file = "PyYAML-6.0.1-cp312-cp312-win_amd64.whl", hash = "sha256:0d3304d8c0adc42be59c5f8a4d9e3d7379e6955ad754aa9d6ab7a398b59dd1df"},
    {file = "PyYAML-6.0.1-cp36-cp36m-macosx_10_9_x86_64.whl", hash = "sha256:50550eb667afee136e9a77d6dc71ae76a44df8b3e51e41b77f6de2932bfe0f47"},
    {file = "PyYAML-6.0.1-cp36-cp36m-manylinux_2_17_aarch64.manylinux2014_aarch64.whl", hash = "sha256:1fe35611261b29bd1de0070f0b2f47cb6ff71fa6595c077e42bd0c419fa27b98"},
    {file = "PyYAML-6.0.1-cp36-cp36m-manylinux_2_17_s390x.manylinux2014_s390x.whl", hash = "sha256:704219a11b772aea0d8ecd7058d0082713c3562b4e271b849ad7dc4a5c90c13c"},
    {file = "PyYAML-6.0.1-cp36-cp36m-manylinux_2_17_x86_64.manylinux2014_x86_64.whl", hash = "sha256:afd7e57eddb1a54f0f1a974bc4391af8bcce0b444685d936840f125cf046d5bd"},
    {file = "PyYAML-6.0.1-cp36-cp36m-win32.whl", hash = "sha256:fca0e3a251908a499833aa292323f32437106001d436eca0e6e7833256674585"},
    {file = "PyYAML-6.0.1-cp36-cp36m-win_amd64.whl", hash = "sha256:f22ac1c3cac4dbc50079e965eba2c1058622631e526bd9afd45fedd49ba781fa"},
    {file = "PyYAML-6.0.1-cp37-cp37m-macosx_10_9_x86_64.whl", hash = "sha256:b1275ad35a5d18c62a7220633c913e1b42d44b46ee12554e5fd39c70a243d6a3"},
    {file = "PyYAML-6.0.1-cp37-cp37m-manylinux_2_17_aarch64.manylinux2014_aarch64.whl", hash = "sha256:18aeb1bf9a78867dc38b259769503436b7c72f7a1f1f4c93ff9a17de54319b27"},
    {file = "PyYAML-6.0.1-cp37-cp37m-manylinux_2_17_s390x.manylinux2014_s390x.whl", hash = "sha256:596106435fa6ad000c2991a98fa58eeb8656ef2325d7e158344fb33864ed87e3"},
    {file = "PyYAML-6.0.1-cp37-cp37m-manylinux_2_17_x86_64.manylinux2014_x86_64.whl", hash = "sha256:baa90d3f661d43131ca170712d903e6295d1f7a0f595074f151c0aed377c9b9c"},
    {file = "PyYAML-6.0.1-cp37-cp37m-win32.whl", hash = "sha256:9046c58c4395dff28dd494285c82ba00b546adfc7ef001486fbf0324bc174fba"},
    {file = "PyYAML-6.0.1-cp37-cp37m-win_amd64.whl", hash = "sha256:4fb147e7a67ef577a588a0e2c17b6db51dda102c71de36f8549b6816a96e1867"},
    {file = "PyYAML-6.0.1-cp38-cp38-macosx_10_9_x86_64.whl", hash = "sha256:1d4c7e777c441b20e32f52bd377e0c409713e8bb1386e1099c2415f26e479595"},
    {file = "PyYAML-6.0.1-cp38-cp38-manylinux_2_17_aarch64.manylinux2014_aarch64.whl", hash = "sha256:a0cd17c15d3bb3fa06978b4e8958dcdc6e0174ccea823003a106c7d4d7899ac5"},
    {file = "PyYAML-6.0.1-cp38-cp38-manylinux_2_17_s390x.manylinux2014_s390x.whl", hash = "sha256:28c119d996beec18c05208a8bd78cbe4007878c6dd15091efb73a30e90539696"},
    {file = "PyYAML-6.0.1-cp38-cp38-manylinux_2_17_x86_64.manylinux2014_x86_64.whl", hash = "sha256:7e07cbde391ba96ab58e532ff4803f79c4129397514e1413a7dc761ccd755735"},
    {file = "PyYAML-6.0.1-cp38-cp38-musllinux_1_1_x86_64.whl", hash = "sha256:49a183be227561de579b4a36efbb21b3eab9651dd81b1858589f796549873dd6"},
    {file = "PyYAML-6.0.1-cp38-cp38-win32.whl", hash = "sha256:184c5108a2aca3c5b3d3bf9395d50893a7ab82a38004c8f61c258d4428e80206"},
    {file = "PyYAML-6.0.1-cp38-cp38-win_amd64.whl", hash = "sha256:1e2722cc9fbb45d9b87631ac70924c11d3a401b2d7f410cc0e3bbf249f2dca62"},
    {file = "PyYAML-6.0.1-cp39-cp39-macosx_10_9_x86_64.whl", hash = "sha256:9eb6caa9a297fc2c2fb8862bc5370d0303ddba53ba97e71f08023b6cd73d16a8"},
    {file = "PyYAML-6.0.1-cp39-cp39-macosx_11_0_arm64.whl", hash = "sha256:c8098ddcc2a85b61647b2590f825f3db38891662cfc2fc776415143f599bb859"},
    {file = "PyYAML-6.0.1-cp39-cp39-manylinux_2_17_aarch64.manylinux2014_aarch64.whl", hash = "sha256:5773183b6446b2c99bb77e77595dd486303b4faab2b086e7b17bc6bef28865f6"},
    {file = "PyYAML-6.0.1-cp39-cp39-manylinux_2_17_s390x.manylinux2014_s390x.whl", hash = "sha256:b786eecbdf8499b9ca1d697215862083bd6d2a99965554781d0d8d1ad31e13a0"},
    {file = "PyYAML-6.0.1-cp39-cp39-manylinux_2_17_x86_64.manylinux2014_x86_64.whl", hash = "sha256:bc1bf2925a1ecd43da378f4db9e4f799775d6367bdb94671027b73b393a7c42c"},
    {file = "PyYAML-6.0.1-cp39-cp39-musllinux_1_1_x86_64.whl", hash = "sha256:04ac92ad1925b2cff1db0cfebffb6ffc43457495c9b3c39d3fcae417d7125dc5"},
    {file = "PyYAML-6.0.1-cp39-cp39-win32.whl", hash = "sha256:faca3bdcf85b2fc05d06ff3fbc1f83e1391b3e724afa3feba7d13eeab355484c"},
    {file = "PyYAML-6.0.1-cp39-cp39-win_amd64.whl", hash = "sha256:510c9deebc5c0225e8c96813043e62b680ba2f9c50a08d3724c7f28a747d1486"},
    {file = "PyYAML-6.0.1.tar.gz", hash = "sha256:bfdf460b1736c775f2ba9f6a92bca30bc2095067b8a9d77876d1fad6cc3b4a43"},
]

[[package]]
name = "rich"
version = "13.7.0"
description = "Render rich text, tables, progress bars, syntax highlighting, markdown and more to the terminal"
optional = false
python-versions = ">=3.7.0"
files = [
    {file = "rich-13.7.0-py3-none-any.whl", hash = "sha256:6da14c108c4866ee9520bbffa71f6fe3962e193b7da68720583850cd4548e235"},
    {file = "rich-13.7.0.tar.gz", hash = "sha256:5cb5123b5cf9ee70584244246816e9114227e0b98ad9176eede6ad54bf5403fa"},
]

[package.dependencies]
markdown-it-py = ">=2.2.0"
pygments = ">=2.13.0,<3.0.0"

[package.extras]
jupyter = ["ipywidgets (>=7.5.1,<9)"]

[[package]]
name = "shortuuid"
version = "1.0.11"
description = "A generator library for concise, unambiguous and URL-safe UUIDs."
optional = false
python-versions = ">=3.5"
files = [
    {file = "shortuuid-1.0.11-py3-none-any.whl", hash = "sha256:27ea8f28b1bd0bf8f15057a3ece57275d2059d2b0bb02854f02189962c13b6aa"},
    {file = "shortuuid-1.0.11.tar.gz", hash = "sha256:fc75f2615914815a8e4cb1501b3a513745cb66ef0fd5fc6fb9f8c3fa3481f789"},
]

[[package]]
name = "stevedore"
version = "5.1.0"
description = "Manage dynamic plugins for Python applications"
optional = false
python-versions = ">=3.8"
files = [
    {file = "stevedore-5.1.0-py3-none-any.whl", hash = "sha256:8cc040628f3cea5d7128f2e76cf486b2251a4e543c7b938f58d9a377f6694a2d"},
    {file = "stevedore-5.1.0.tar.gz", hash = "sha256:a54534acf9b89bc7ed264807013b505bf07f74dbe4bcfa37d32bd063870b087c"},
]

[package.dependencies]
pbr = ">=2.0.0,<2.1.0 || >2.1.0"

[[package]]
name = "tomli"
version = "2.0.1"
description = "A lil' TOML parser"
optional = false
python-versions = ">=3.7"
files = [
    {file = "tomli-2.0.1-py3-none-any.whl", hash = "sha256:939de3e7a6161af0c887ef91b7d41a53e7c5a1ca976325f429cb46ea9bc30ecc"},
    {file = "tomli-2.0.1.tar.gz", hash = "sha256:de526c12914f0c550d15924c62d72abc48d6fe7364aa87328337a31007fe8a4f"},
]

[metadata]
lock-version = "2.0"
python-versions = "^3.9"
content-hash = "bf05c56fcd2fbfff456241409fd62c3e260bb6cf028117e7c2d6af15bb2c608d"
